
Microsoft Visual Studio Solution File, Format Version 12.00
# Visual Studio Version 16
VisualStudioVersion = 16.0.30611.23
MinimumVisualStudioVersion = 10.0.40219.1
Project("{FAE04EC0-301F-11D3-BF4B-00C04F79EFBC}") = "AddressBook", "AddressBook.csproj", "{6604E7EF-F0A4-4FC0-8AB0-48EEF95A928E}"
EndProject
Global
	GlobalSection(SolutionConfigurationPlatforms) = preSolution
		Debug|Any CPU = Debug|Any CPU
		Release|Any CPU = Release|Any CPU
	EndGlobalSection
	GlobalSection(ProjectConfigurationPlatforms) = postSolution
		{6604E7EF-F0A4-4FC0-8AB0-48EEF95A928E}.Debug|Any CPU.ActiveCfg = Debug|Any CPU
		{6604E7EF-F0A4-4FC0-8AB0-48EEF95A928E}.Debug|Any CPU.Build.0 = Debug|Any CPU
		{6604E7EF-F0A4-4FC0-8AB0-48EEF95A928E}.Release|Any CPU.ActiveCfg = Release|Any CPU
		{6604E7EF-F0A4-4FC0-8AB0-48EEF95A928E}.Release|Any CPU.Build.0 = Release|Any CPU
	EndGlobalSection
	GlobalSection(SolutionProperties) = preSolution
		HideSolutionNode = FALSE
	EndGlobalSection
	GlobalSection(ExtensibilityGlobals) = postSolution
		SolutionGuid = {09C83AE2-D516-4965-9C1E-584F1D283F3B}
	EndGlobalSection
EndGlobal
